
Microsoft Visual Studio Solution File, Format Version 12.00
# Visual Studio Version 16
VisualStudioVersion = 16.0.31410.357
MinimumVisualStudioVersion = 10.0.40219.1
Project("{9A19103F-16F7-4668-BE54-9A1E7A4F7556}") = "SimpleASBMessaging.API", "SimpleASBMessaging.API\SimpleASBMessaging.API.csproj", "{3B1A61B0-75F5-4CF2-8617-36115F2BC704}"
EndProject
Project("{2150E333-8FDC-42A3-9474-1A3956D46DE8}") = "MSDocsQuickstartExamples", "MSDocsQuickstartExamples", "{FD05A291-99FF-4AF5-B1B8-331FB2B70C5F}"
EndProject
Project("{9A19103F-16F7-4668-BE54-9A1E7A4F7556}") = "QueueSender", "QueueSender\QueueSender.csproj", "{2CCDC9AF-7ECC-43B9-9917-F325904B94D8}"
EndProject
Project("{9A19103F-16F7-4668-BE54-9A1E7A4F7556}") = "QueueReceiver", "QueueReceiver\QueueReceiver.csproj", "{92C5FF74-C44A-4632-814F-068DDDA16C95}"
EndProject
Project("{9A19103F-16F7-4668-BE54-9A1E7A4F7556}") = "SimpleASBMessaging.AZFunctions", "SimpleASBMessaging.AZFunctions\SimpleASBMessaging.AZFunctions.csproj", "{148B68A2-0FFE-452C-94CB-8C98AB3881C9}"
EndProject
Global
	GlobalSection(SolutionConfigurationPlatforms) = preSolution
		Debug|Any CPU = Debug|Any CPU
		Release|Any CPU = Release|Any CPU
	EndGlobalSection
	GlobalSection(ProjectConfigurationPlatforms) = postSolution
		{3B1A61B0-75F5-4CF2-8617-36115F2BC704}.Debug|Any CPU.ActiveCfg = Debug|Any CPU
		{3B1A61B0-75F5-4CF2-8617-36115F2BC704}.Debug|Any CPU.Build.0 = Debug|Any CPU
		{3B1A61B0-75F5-4CF2-8617-36115F2BC704}.Release|Any CPU.ActiveCfg = Release|Any CPU
		{3B1A61B0-75F5-4CF2-8617-36115F2BC704}.Release|Any CPU.Build.0 = Release|Any CPU
		{2CCDC9AF-7ECC-43B9-9917-F325904B94D8}.Debug|Any CPU.ActiveCfg = Debug|Any CPU
		{2CCDC9AF-7ECC-43B9-9917-F325904B94D8}.Debug|Any CPU.Build.0 = Debug|Any CPU
		{2CCDC9AF-7ECC-43B9-9917-F325904B94D8}.Release|Any CPU.ActiveCfg = Release|Any CPU
		{2CCDC9AF-7ECC-43B9-9917-F325904B94D8}.Release|Any CPU.Build.0 = Release|Any CPU
		{92C5FF74-C44A-4632-814F-068DDDA16C95}.Debug|Any CPU.ActiveCfg = Debug|Any CPU
		{92C5FF74-C44A-4632-814F-068DDDA16C95}.Debug|Any CPU.Build.0 = Debug|Any CPU
		{92C5FF74-C44A-4632-814F-068DDDA16C95}.Release|Any CPU.ActiveCfg = Release|Any CPU
		{92C5FF74-C44A-4632-814F-068DDDA16C95}.Release|Any CPU.Build.0 = Release|Any CPU
		{148B68A2-0FFE-452C-94CB-8C98AB3881C9}.Debug|Any CPU.ActiveCfg = Debug|Any CPU
		{148B68A2-0FFE-452C-94CB-8C98AB3881C9}.Debug|Any CPU.Build.0 = Debug|Any CPU
		{148B68A2-0FFE-452C-94CB-8C98AB3881C9}.Release|Any CPU.ActiveCfg = Release|Any CPU
		{148B68A2-0FFE-452C-94CB-8C98AB3881C9}.Release|Any CPU.Build.0 = Release|Any CPU
	EndGlobalSection
	GlobalSection(SolutionProperties) = preSolution
		HideSolutionNode = FALSE
	EndGlobalSection
	GlobalSection(NestedProjects) = preSolution
		{2CCDC9AF-7ECC-43B9-9917-F325904B94D8} = {FD05A291-99FF-4AF5-B1B8-331FB2B70C5F}
		{92C5FF74-C44A-4632-814F-068DDDA16C95} = {FD05A291-99FF-4AF5-B1B8-331FB2B70C5F}
	EndGlobalSection
	GlobalSection(ExtensibilityGlobals) = postSolution
		SolutionGuid = {E1F59C26-0306-40FF-8C65-02AAE6F91E1D}
	EndGlobalSection
EndGlobal
